Microsoft Visual Studio Solution File, Format Version 12.00
# Visual Studio Version 17
VisualStudioVersion = 17.5.2.0
MinimumVisualStudioVersion = 10.0.40219.1
Project("{FAE04EC0-301F-11D3-BF4B-00C04F79EFBC}") = "Drip", "Drip\Drip.csproj", "{F5BF0D94-2478-F391-0BD5-30A0ABE948BC}"
EndProject
Global
	GlobalSection(SolutionConfigurationPlatforms) = preSolution
		Debug|Any CPU = Debug|Any CPU
		Release|Any CPU = Release|Any CPU
	EndGlobalSection
	GlobalSection(ProjectConfigurationPlatforms) = postSolution
		{F5BF0D94-2478-F391-0BD5-30A0ABE948BC}.Debug|Any CPU.ActiveCfg = Debug|Any CPU
		{F5BF0D94-2478-F391-0BD5-30A0ABE948BC}.Debug|Any CPU.Build.0 = Debug|Any CPU
		{F5BF0D94-2478-F391-0BD5-30A0ABE948BC}.Release|Any CPU.ActiveCfg = Release|Any CPU
		{F5BF0D94-2478-F391-0BD5-30A0ABE948BC}.Release|Any CPU.Build.0 = Release|Any CPU
	EndGlobalSection
	GlobalSection(SolutionProperties) = preSolution
		HideSolutionNode = FALSE
	EndGlobalSection
	GlobalSection(ExtensibilityGlobals) = postSolution
		SolutionGuid = {759C9D2D-587C-40C1-8F20-9EBEF522DAC1}
	EndGlobalSection
EndGlobal
